
Microsoft Visual Studio Solution File, Format Version 12.00
# Visual Studio Version 16
VisualStudioVersion = 16.0.31702.278
MinimumVisualStudioVersion = 10.0.40219.1
Project("{FAE04EC0-301F-11D3-BF4B-00C04F79EFBC}") = "lab9", "lab9\lab9.csproj", "{55DFB002-6B45-41ED-8543-472B08D7218A}"
EndProject
Global
	GlobalSection(SolutionConfigurationPlatforms) = preSolution
		Debug|Any CPU = Debug|Any CPU
		Release|Any CPU = Release|Any CPU
	EndGlobalSection
	GlobalSection(ProjectConfigurationPlatforms) = postSolution
		{55DFB002-6B45-41ED-8543-472B08D7218A}.Debug|Any CPU.ActiveCfg = Debug|Any CPU
		{55DFB002-6B45-41ED-8543-472B08D7218A}.Debug|Any CPU.Build.0 = Debug|Any CPU
		{55DFB002-6B45-41ED-8543-472B08D7218A}.Release|Any CPU.ActiveCfg = Release|Any CPU
		{55DFB002-6B45-41ED-8543-472B08D7218A}.Release|Any CPU.Build.0 = Release|Any CPU
	EndGlobalSection
	GlobalSection(SolutionProperties) = preSolution
		HideSolutionNode = FALSE
	EndGlobalSection
	GlobalSection(ExtensibilityGlobals) = postSolution
		SolutionGuid = {899C4D19-6DB4-4AAE-B3C9-B892D81C8976}
	EndGlobalSection
EndGlobal
